
Microsoft Visual Studio Solution File, Format Version 12.00
# Visual Studio Version 17
VisualStudioVersion = 17.8.34511.84
MinimumVisualStudioVersion = 10.0.40219.1
Project("{FAE04EC0-301F-11D3-BF4B-00C04F79EFBC}") = "BookMyShowProject.API", "BookMyShowProject.API\BookMyShowProject.API.csproj", "{3B384B2D-0EF4-4C9D-8E55-B0DE91CF8F7C}"
EndProject
Project("{FAE04EC0-301F-11D3-BF4B-00C04F79EFBC}") = "BookMyShowProject.Contract", "BookMyShowProject.Contract\BookMyShowProject.Contract.csproj", "{C510722D-C3B1-45AD-B14E-46C1797CE105}"
EndProject
Project("{FAE04EC0-301F-11D3-BF4B-00C04F79EFBC}") = "BookMyShowProject.Services", "BookMyShowProject.Services\BookMyShowProject.Services.csproj", "{2581879C-081E-4043-A6BC-68E12E84BFFA}"
EndProject
Global
	GlobalSection(SolutionConfigurationPlatforms) = preSolution
		Debug|Any CPU = Debug|Any CPU
		Release|Any CPU = Release|Any CPU
	EndGlobalSection
	GlobalSection(ProjectConfigurationPlatforms) = postSolution
		{3B384B2D-0EF4-4C9D-8E55-B0DE91CF8F7C}.Debug|Any CPU.ActiveCfg = Debug|Any CPU
		{3B384B2D-0EF4-4C9D-8E55-B0DE91CF8F7C}.Debug|Any CPU.Build.0 = Debug|Any CPU
		{3B384B2D-0EF4-4C9D-8E55-B0DE91CF8F7C}.Release|Any CPU.ActiveCfg = Release|Any CPU
		{3B384B2D-0EF4-4C9D-8E55-B0DE91CF8F7C}.Release|Any CPU.Build.0 = Release|Any CPU
		{C510722D-C3B1-45AD-B14E-46C1797CE105}.Debug|Any CPU.ActiveCfg = Debug|Any CPU
		{C510722D-C3B1-45AD-B14E-46C1797CE105}.Debug|Any CPU.Build.0 = Debug|Any CPU
		{C510722D-C3B1-45AD-B14E-46C1797CE105}.Release|Any CPU.ActiveCfg = Release|Any CPU
		{C510722D-C3B1-45AD-B14E-46C1797CE105}.Release|Any CPU.Build.0 = Release|Any CPU
		{2581879C-081E-4043-A6BC-68E12E84BFFA}.Debug|Any CPU.ActiveCfg = Debug|Any CPU
		{2581879C-081E-4043-A6BC-68E12E84BFFA}.Debug|Any CPU.Build.0 = Debug|Any CPU
		{2581879C-081E-4043-A6BC-68E12E84BFFA}.Release|Any CPU.ActiveCfg = Release|Any CPU
		{2581879C-081E-4043-A6BC-68E12E84BFFA}.Release|Any CPU.Build.0 = Release|Any CPU
	EndGlobalSection
	GlobalSection(SolutionProperties) = preSolution
		HideSolutionNode = FALSE
	EndGlobalSection
	GlobalSection(ExtensibilityGlobals) = postSolution
		SolutionGuid = {DFCDE9AA-B8F9-46AF-8072-1929C3152808}
	EndGlobalSection
EndGlobal
